
Microsoft Visual Studio Solution File, Format Version 12.00
# Visual Studio 14
VisualStudioVersion = 14.0.25123.0
MinimumVisualStudioVersion = 10.0.40219.1
Project("{FAE04EC0-301F-11D3-BF4B-00C04F79EFBC}") = "ColourTester.Droid", "ColourTester\ColourTester.Droid\ColourTester.Droid.csproj", "{4BE6A178-3F92-44C0-BEB9-6D0FF6A55F6D}"
EndProject
Project("{FAE04EC0-301F-11D3-BF4B-00C04F79EFBC}") = "ColourTester.iOS", "ColourTester\ColourTester.iOS\ColourTester.iOS.csproj", "{ABE9DECB-233F-497C-906D-0CCD00A377EE}"
EndProject
Project("{FAE04EC0-301F-11D3-BF4B-00C04F79EFBC}") = "ColourTester.UWP", "ColourTester\ColourTester.UWP\ColourTester.UWP.csproj", "{9720F24C-274A-447D-9CE6-EBFA33EC16EA}"
EndProject
Project("{FAE04EC0-301F-11D3-BF4B-00C04F79EFBC}") = "ColourTester", "ColourTester\ColourTester\ColourTester.csproj", "{B02F2141-505A-4ABD-AF23-9476A9DE7C5E}"
EndProject
Global
	GlobalSection(SolutionConfigurationPlatforms) = preSolution
		Ad-Hoc|Any CPU = Ad-Hoc|Any CPU
		Ad-Hoc|ARM = Ad-Hoc|ARM
		Ad-Hoc|iPhone = Ad-Hoc|iPhone
		Ad-Hoc|iPhoneSimulator = Ad-Hoc|iPhoneSimulator
		Ad-Hoc|x64 = Ad-Hoc|x64
		Ad-Hoc|x86 = Ad-Hoc|x86
		AppStore|Any CPU = AppStore|Any CPU
		AppStore|ARM = AppStore|ARM
		AppStore|iPhone = AppStore|iPhone
		AppStore|iPhoneSimulator = AppStore|iPhoneSimulator
		AppStore|x64 = AppStore|x64
		AppStore|x86 = AppStore|x86
		Debug|Any CPU = Debug|Any CPU
		Debug|ARM = Debug|ARM
		Debug|iPhone = Debug|iPhone
		Debug|iPhoneSimulator = Debug|iPhoneSimulator
		Debug|x64 = Debug|x64
		Debug|x86 = Debug|x86
		Release|Any CPU = Release|Any CPU
		Release|ARM = Release|ARM
		Release|iPhone = Release|iPhone
		Release|iPhoneSimulator = Release|iPhoneSimulator
		Release|x64 = Release|x64
		Release|x86 = Release|x86
	EndGlobalSection
	GlobalSection(ProjectConfigurationPlatforms) = postSolution
		{4BE6A178-3F92-44C0-BEB9-6D0FF6A55F6D}.Ad-Hoc|Any CPU.ActiveCfg = Release|Any CPU
		{4BE6A178-3F92-44C0-BEB9-6D0FF6A55F6D}.Ad-Hoc|Any CPU.Build.0 = Release|Any CPU
		{4BE6A178-3F92-44C0-BEB9-6D0FF6A55F6D}.Ad-Hoc|Any CPU.Deploy.0 = Release|Any CPU
		{4BE6A178-3F92-44C0-BEB9-6D0FF6A55F6D}.Ad-Hoc|ARM.ActiveCfg = Release|Any CPU
		{4BE6A178-3F92-44C0-BEB9-6D0FF6A55F6D}.Ad-Hoc|ARM.Build.0 = Release|Any CPU
		{4BE6A178-3F92-44C0-BEB9-6D0FF6A55F6D}.Ad-Hoc|ARM.Deploy.0 = Release|Any CPU
		{4BE6A178-3F92-44C0-BEB9-6D0FF6A55F6D}.Ad-Hoc|iPhone.ActiveCfg = Release|Any CPU
		{4BE6A178-3F92-44C0-BEB9-6D0FF6A55F6D}.Ad-Hoc|iPhone.Build.0 = Release|Any CPU
		{4BE6A178-3F92-44C0-BEB9-6D0FF6A55F6D}.Ad-Hoc|iPhone.Deploy.0 = Release|Any CPU
		{4BE6A178-3F92-44C0-BEB9-6D0FF6A55F6D}.Ad-Hoc|iPhoneSimulator.ActiveCfg = Release|Any CPU
		{4BE6A178-3F92-44C0-BEB9-6D0FF6A55F6D}.Ad-Hoc|iPhoneSimulator.Build.0 = Release|Any CPU
		{4BE6A178-3F92-44C0-BEB9-6D0FF6A55F6D}.Ad-Hoc|iPhoneSimulator.Deploy.0 = Release|Any CPU
		{4BE6A178-3F92-44C0-BEB9-6D0FF6A55F6D}.Ad-Hoc|x64.ActiveCfg = Release|Any CPU
		{4BE6A178-3F92-44C0-BEB9-6D0FF6A55F6D}.Ad-Hoc|x64.Build.0 = Release|Any CPU
		{4BE6A178-3F92-44C0-BEB9-6D0FF6A55F6D}.Ad-Hoc|x64.Deploy.0 = Release|Any CPU
		{4BE6A178-3F92-44C0-BEB9-6D0FF6A55F6D}.Ad-Hoc|x86.ActiveCfg = Release|Any CPU
		{4BE6A178-3F92-44C0-BEB9-6D0FF6A55F6D}.Ad-Hoc|x86.Build.0 = Release|Any CPU
		{4BE6A178-3F92-44C0-BEB9-6D0FF6A55F6D}.Ad-Hoc|x86.Deploy.0 = Release|Any CPU
		{4BE6A178-3F92-44C0-BEB9-6D0FF6A55F6D}.AppStore|Any CPU.ActiveCfg = Release|Any CPU
		{4BE6A178-3F92-44C0-BEB9-6D0FF6A55F6D}.AppStore|Any CPU.Build.0 = Release|Any CPU
		{4BE6A178-3F92-44C0-BEB9-6D0FF6A55F6D}.AppStore|Any CPU.Deploy.0 = Release|Any CPU
		{4BE6A178-3F92-44C0-BEB9-6D0FF6A55F6D}.AppStore|ARM.ActiveCfg = Release|Any CPU
		{4BE6A178-3F92-44C0-BEB9-6D0FF6A55F6D}.AppStore|ARM.Build.0 = Release|Any CPU
		{4BE6A178-3F92-44C0-BEB9-6D0FF6A55F6D}.AppStore|ARM.Deploy.0 = Release|Any CPU
		{4BE6A178-3F92-44C0-BEB9-6D0FF6A55F6D}.AppStore|iPhone.ActiveCfg = Release|Any CPU
		{4BE6A178-3F92-44C0-BEB9-6D0FF6A55F6D}.AppStore|iPhone.Build.0 = Release|Any CPU
		{4BE6A178-3F92-44C0-BEB9-6D0FF6A55F6D}.AppStore|iPhone.Deploy.0 = Release|Any CPU
		{4BE6A178-3F92-44C0-BEB9-6D0FF6A55F6D}.AppStore|iPhoneSimulator.ActiveCfg = Release|Any CPU
		{4BE6A178-3F92-44C0-BEB9-6D0FF6A55F6D}.AppStore|iPhoneSimulator.Build.0 = Release|Any CPU
		{4BE6A178-3F92-44C0-BEB9-6D0FF6A55F6D}.AppStore|iPhoneSimulator.Deploy.0 = Release|Any CPU
		{4BE6A178-3F92-44C0-BEB9-6D0FF6A55F6D}.AppStore|x64.ActiveCfg = Release|Any CPU
		{4BE6A178-3F92-44C0-BEB9-6D0FF6A55F6D}.AppStore|x64.Build.0 = Release|Any CPU
		{4BE6A178-3F92-44C0-BEB9-6D0FF6A55F6D}.AppStore|x64.Deploy.0 = Release|Any CPU
		{4BE6A178-3F92-44C0-BEB9-6D0FF6A55F6D}.AppStore|x86.ActiveCfg = Release|Any CPU
		{4BE6A178-3F92-44C0-BEB9-6D0FF6A55F6D}.AppStore|x86.Build.0 = Release|Any CPU
		{4BE6A178-3F92-44C0-BEB9-6D0FF6A55F6D}.AppStore|x86.Deploy.0 = Release|Any CPU
		{4BE6A178-3F92-44C0-BEB9-6D0FF6A55F6D}.Debug|Any CPU.ActiveCfg = Debug|Any CPU
		{4BE6A178-3F92-44C0-BEB9-6D0FF6A55F6D}.Debug|Any CPU.Build.0 = Debug|Any CPU
		{4BE6A178-3F92-44C0-BEB9-6D0FF6A55F6D}.Debug|Any CPU.Deploy.0 = Debug|Any CPU
		{4BE6A178-3F92-44C0-BEB9-6D0FF6A55F6D}.Debug|ARM.ActiveCfg = Debug|Any CPU
		{4BE6A178-3F92-44C0-BEB9-6D0FF6A55F6D}.Debug|ARM.Build.0 = Debug|Any CPU
		{4BE6A178-3F92-44C0-BEB9-6D0FF6A55F6D}.Debug|ARM.Deploy.0 = Debug|Any CPU
		{4BE6A178-3F92-44C0-BEB9-6D0FF6A55F6D}.Debug|iPhone.ActiveCfg = Debug|Any CPU
		{4BE6A178-3F92-44C0-BEB9-6D0FF6A55F6D}.Debug|iPhone.Build.0 = Debug|Any CPU
		{4BE6A178-3F92-44C0-BEB9-6D0FF6A55F6D}.Debug|iPhone.Deploy.0 = Debug|Any CPU
		{4BE6A178-3F92-44C0-BEB9-6D0FF6A55F6D}.Debug|iPhoneSimulator.ActiveCfg = Debug|Any CPU
		{4BE6A178-3F92-44C0-BEB9-6D0FF6A55F6D}.Debug|iPhoneSimulator.Build.0 = Debug|Any CPU
		{4BE6A178-3F92-44C0-BEB9-6D0FF6A55F6D}.Debug|iPhoneSimulator.Deploy.0 = Debug|Any CPU
		{4BE6A178-3F92-44C0-BEB9-6D0FF6A55F6D}.Debug|x64.ActiveCfg = Debug|Any CPU
		{4BE6A178-3F92-44C0-BEB9-6D0FF6A55F6D}.Debug|x64.Build.0 = Debug|Any CPU
		{4BE6A178-3F92-44C0-BEB9-6D0FF6A55F6D}.Debug|x64.Deploy.0 = Debug|Any CPU
		{4BE6A178-3F92-44C0-BEB9-6D0FF6A55F6D}.Debug|x86.ActiveCfg = Debug|Any CPU
		{4BE6A178-3F92-44C0-BEB9-6D0FF6A55F6D}.Debug|x86.Build.0 = Debug|Any CPU
		{4BE6A178-3F92-44C0-BEB9-6D0FF6A55F6D}.Debug|x86.Deploy.0 = Debug|Any CPU
		{4BE6A178-3F92-44C0-BEB9-6D0FF6A55F6D}.Release|Any CPU.ActiveCfg = Release|Any CPU
		{4BE6A178-3F92-44C0-BEB9-6D0FF6A55F6D}.Release|Any CPU.Build.0 = Release|Any CPU
		{4BE6A178-3F92-44C0-BEB9-6D0FF6A55F6D}.Release|Any CPU.Deploy.0 = Release|Any CPU
		{4BE6A178-3F92-44C0-BEB9-6D0FF6A55F6D}.Release|ARM.ActiveCfg = Release|Any CPU
		{4BE6A178-3F92-44C0-BEB9-6D0FF6A55F6D}.Release|ARM.Build.0 = Release|Any CPU
		{4BE6A178-3F92-44C0-BEB9-6D0FF6A55F6D}.Release|ARM.Deploy.0 = Release|Any CPU
		{4BE6A178-3F92-44C0-BEB9-6D0FF6A55F6D}.Release|iPhone.ActiveCfg = Release|Any CPU
		{4BE6A178-3F92-44C0-BEB9-6D0FF6A55F6D}.Release|iPhone.Build.0 = Release|Any CPU
		{4BE6A178-3F92-44C0-BEB9-6D0FF6A55F6D}.Release|iPhone.Deploy.0 = Release|Any CPU
		{4BE6A178-3F92-44C0-BEB9-6D0FF6A55F6D}.Release|iPhoneSimulator.ActiveCfg = Release|Any CPU
		{4BE6A178-3F92-44C0-BEB9-6D0FF6A55F6D}.Release|iPhoneSimulator.Build.0 = Release|Any CPU
		{4BE6A178-3F92-44C0-BEB9-6D0FF6A55F6D}.Release|iPhoneSimulator.Deploy.0 = Release|Any CPU
		{4BE6A178-3F92-44C0-BEB9-6D0FF6A55F6D}.Release|x64.ActiveCfg = Release|Any CPU
		{4BE6A178-3F92-44C0-BEB9-6D0FF6A55F6D}.Release|x64.Build.0 = Release|Any CPU
		{4BE6A178-3F92-44C0-BEB9-6D0FF6A55F6D}.Release|x64.Deploy.0 = Release|Any CPU
		{4BE6A178-3F92-44C0-BEB9-6D0FF6A55F6D}.Release|x86.ActiveCfg = Release|Any CPU
		{4BE6A178-3F92-44C0-BEB9-6D0FF6A55F6D}.Release|x86.Build.0 = Release|Any CPU
		{4BE6A178-3F92-44C0-BEB9-6D0FF6A55F6D}.Release|x86.Deploy.0 = Release|Any CPU
		{ABE9DECB-233F-497C-906D-0CCD00A377EE}.Ad-Hoc|Any CPU.ActiveCfg = Ad-Hoc|iPhone
		{ABE9DECB-233F-497C-906D-0CCD00A377EE}.Ad-Hoc|ARM.ActiveCfg = Ad-Hoc|iPhone
		{ABE9DECB-233F-497C-906D-0CCD00A377EE}.Ad-Hoc|iPhone.ActiveCfg = Ad-Hoc|iPhone
		{ABE9DECB-233F-497C-906D-0CCD00A377EE}.Ad-Hoc|iPhone.Build.0 = Ad-Hoc|iPhone
		{ABE9DECB-233F-497C-906D-0CCD00A377EE}.Ad-Hoc|iPhoneSimulator.ActiveCfg = Ad-Hoc|iPhoneSimulator
		{ABE9DECB-233F-497C-906D-0CCD00A377EE}.Ad-Hoc|iPhoneSimulator.Build.0 = Ad-Hoc|iPhoneSimulator
		{ABE9DECB-233F-497C-906D-0CCD00A377EE}.Ad-Hoc|x64.ActiveCfg = Ad-Hoc|iPhone
		{ABE9DECB-233F-497C-906D-0CCD00A377EE}.Ad-Hoc|x86.ActiveCfg = Ad-Hoc|iPhone
		{ABE9DECB-233F-497C-906D-0CCD00A377EE}.AppStore|Any CPU.ActiveCfg = AppStore|iPhone
		{ABE9DECB-233F-497C-906D-0CCD00A377EE}.AppStore|ARM.ActiveCfg = AppStore|iPhone
		{ABE9DECB-233F-497C-906D-0CCD00A377EE}.AppStore|iPhone.ActiveCfg = AppStore|iPhone
		{ABE9DECB-233F-497C-906D-0CCD00A377EE}.AppStore|iPhone.Build.0 = AppStore|iPhone
		{ABE9DECB-233F-497C-906D-0CCD00A377EE}.AppStore|iPhoneSimulator.ActiveCfg = AppStore|iPhoneSimulator
		{ABE9DECB-233F-497C-906D-0CCD00A377EE}.AppStore|iPhoneSimulator.Build.0 = AppStore|iPhoneSimulator
		{ABE9DECB-233F-497C-906D-0CCD00A377EE}.AppStore|x64.ActiveCfg = AppStore|iPhone
		{ABE9DECB-233F-497C-906D-0CCD00A377EE}.AppStore|x86.ActiveCfg = AppStore|iPhone
		{ABE9DECB-233F-497C-906D-0CCD00A377EE}.Debug|Any CPU.ActiveCfg = Debug|iPhone
		{ABE9DECB-233F-497C-906D-0CCD00A377EE}.Debug|ARM.ActiveCfg = Debug|iPhone
		{ABE9DECB-233F-497C-906D-0CCD00A377EE}.Debug|iPhone.ActiveCfg = Debug|iPhone
		{ABE9DECB-233F-497C-906D-0CCD00A377EE}.Debug|iPhone.Build.0 = Debug|iPhone
		{ABE9DECB-233F-497C-906D-0CCD00A377EE}.Debug|iPhoneSimulator.ActiveCfg = Debug|iPhoneSimulator
		{ABE9DECB-233F-497C-906D-0CCD00A377EE}.Debug|iPhoneSimulator.Build.0 = Debug|iPhoneSimulator
		{ABE9DECB-233F-497C-906D-0CCD00A377EE}.Debug|x64.ActiveCfg = Debug|iPhone
		{ABE9DECB-233F-497C-906D-0CCD00A377EE}.Debug|x86.ActiveCfg = Debug|iPhone
		{ABE9DECB-233F-497C-906D-0CCD00A377EE}.Release|Any CPU.ActiveCfg = Release|iPhone
		{ABE9DECB-233F-497C-906D-0CCD00A377EE}.Release|ARM.ActiveCfg = Release|iPhone
		{ABE9DECB-233F-497C-906D-0CCD00A377EE}.Release|iPhone.ActiveCfg = Release|iPhone
		{ABE9DECB-233F-497C-906D-0CCD00A377EE}.Release|iPhone.Build.0 = Release|iPhone
		{ABE9DECB-233F-497C-906D-0CCD00A377EE}.Release|iPhoneSimulator.ActiveCfg = Release|iPhoneSimulator
		{ABE9DECB-233F-497C-906D-0CCD00A377EE}.Release|iPhoneSimulator.Build.0 = Release|iPhoneSimulator
		{ABE9DECB-233F-497C-906D-0CCD00A377EE}.Release|x64.ActiveCfg = Release|iPhone
		{ABE9DECB-233F-497C-906D-0CCD00A377EE}.Release|x86.ActiveCfg = Release|iPhone
		{9720F24C-274A-447D-9CE6-EBFA33EC16EA}.Ad-Hoc|Any CPU.ActiveCfg = Release|x86
		{9720F24C-274A-447D-9CE6-EBFA33EC16EA}.Ad-Hoc|Any CPU.Build.0 = Release|x86
		{9720F24C-274A-447D-9CE6-EBFA33EC16EA}.Ad-Hoc|Any CPU.Deploy.0 = Release|x86
		{9720F24C-274A-447D-9CE6-EBFA33EC16EA}.Ad-Hoc|ARM.ActiveCfg = Release|ARM
		{9720F24C-274A-447D-9CE6-EBFA33EC16EA}.Ad-Hoc|ARM.Build.0 = Release|ARM
		{9720F24C-274A-447D-9CE6-EBFA33EC16EA}.Ad-Hoc|ARM.Deploy.0 = Release|ARM
		{9720F24C-274A-447D-9CE6-EBFA33EC16EA}.Ad-Hoc|iPhone.ActiveCfg = Release|x86
		{9720F24C-274A-447D-9CE6-EBFA33EC16EA}.Ad-Hoc|iPhone.Build.0 = Release|x86
		{9720F24C-274A-447D-9CE6-EBFA33EC16EA}.Ad-Hoc|iPhone.Deploy.0 = Release|x86
		{9720F24C-274A-447D-9CE6-EBFA33EC16EA}.Ad-Hoc|iPhoneSimulator.ActiveCfg = Release|x86
		{9720F24C-274A-447D-9CE6-EBFA33EC16EA}.Ad-Hoc|iPhoneSimulator.Build.0 = Release|x86
		{9720F24C-274A-447D-9CE6-EBFA33EC16EA}.Ad-Hoc|iPhoneSimulator.Deploy.0 = Release|x86
		{9720F24C-274A-447D-9CE6-EBFA33EC16EA}.Ad-Hoc|x64.ActiveCfg = Release|x64
		{9720F24C-274A-447D-9CE6-EBFA33EC16EA}.Ad-Hoc|x64.Build.0 = Release|x64
		{9720F24C-274A-447D-9CE6-EBFA33EC16EA}.Ad-Hoc|x64.Deploy.0 = Release|x64
		{9720F24C-274A-447D-9CE6-EBFA33EC16EA}.Ad-Hoc|x86.ActiveCfg = Release|x86
		{9720F24C-274A-447D-9CE6-EBFA33EC16EA}.Ad-Hoc|x86.Build.0 = Release|x86
		{9720F24C-274A-447D-9CE6-EBFA33EC16EA}.Ad-Hoc|x86.Deploy.0 = Release|x86
		{9720F24C-274A-447D-9CE6-EBFA33EC16EA}.AppStore|Any CPU.ActiveCfg = Release|x86
		{9720F24C-274A-447D-9CE6-EBFA33EC16EA}.AppStore|Any CPU.Build.0 = Release|x86
		{9720F24C-274A-447D-9CE6-EBFA33EC16EA}.AppStore|Any CPU.Deploy.0 = Release|x86
		{9720F24C-274A-447D-9CE6-EBFA33EC16EA}.AppStore|ARM.ActiveCfg = Release|ARM
		{9720F24C-274A-447D-9CE6-EBFA33EC16EA}.AppStore|ARM.Build.0 = Release|ARM
		{9720F24C-274A-447D-9CE6-EBFA33EC16EA}.AppStore|ARM.Deploy.0 = Release|ARM
		{9720F24C-274A-447D-9CE6-EBFA33EC16EA}.AppStore|iPhone.ActiveCfg = Release|x86
		{9720F24C-274A-447D-9CE6-EBFA33EC16EA}.AppStore|iPhone.Build.0 = Release|x86
		{9720F24C-274A-447D-9CE6-EBFA33EC16EA}.AppStore|iPhone.Deploy.0 = Release|x86
		{9720F24C-274A-447D-9CE6-EBFA33EC16EA}.AppStore|iPhoneSimulator.ActiveCfg = Release|x86
		{9720F24C-274A-447D-9CE6-EBFA33EC16EA}.AppStore|iPhoneSimulator.Build.0 = Release|x86
		{9720F24C-274A-447D-9CE6-EBFA33EC16EA}.AppStore|iPhoneSimulator.Deploy.0 = Release|x86
		{9720F24C-274A-447D-9CE6-EBFA33EC16EA}.AppStore|x64.ActiveCfg = Release|x64
		{9720F24C-274A-447D-9CE6-EBFA33EC16EA}.AppStore|x64.Build.0 = Release|x64
		{9720F24C-274A-447D-9CE6-EBFA33EC16EA}.AppStore|x64.Deploy.0 = Release|x64
		{9720F24C-274A-447D-9CE6-EBFA33EC16EA}.AppStore|x86.ActiveCfg = Release|x86
		{9720F24C-274A-447D-9CE6-EBFA33EC16EA}.AppStore|x86.Build.0 = Release|x86
		{9720F24C-274A-447D-9CE6-EBFA33EC16EA}.AppStore|x86.Deploy.0 = Release|x86
		{9720F24C-274A-447D-9CE6-EBFA33EC16EA}.Debug|Any CPU.ActiveCfg = Debug|x86
		{9720F24C-274A-447D-9CE6-EBFA33EC16EA}.Debug|ARM.ActiveCfg = Debug|ARM
		{9720F24C-274A-447D-9CE6-EBFA33EC16EA}.Debug|ARM.Build.0 = Debug|ARM
		{9720F24C-274A-447D-9CE6-EBFA33EC16EA}.Debug|ARM.Deploy.0 = Debug|ARM
		{9720F24C-274A-447D-9CE6-EBFA33EC16EA}.Debug|iPhone.ActiveCfg = Debug|x86
		{9720F24C-274A-447D-9CE6-EBFA33EC16EA}.Debug|iPhoneSimulator.ActiveCfg = Debug|x86
		{9720F24C-274A-447D-9CE6-EBFA33EC16EA}.Debug|x64.ActiveCfg = Debug|x64
		{9720F24C-274A-447D-9CE6-EBFA33EC16EA}.Debug|x64.Build.0 = Debug|x64
		{9720F24C-274A-447D-9CE6-EBFA33EC16EA}.Debug|x64.Deploy.0 = Debug|x64
		{9720F24C-274A-447D-9CE6-EBFA33EC16EA}.Debug|x86.ActiveCfg = Debug|x86
		{9720F24C-274A-447D-9CE6-EBFA33EC16EA}.Debug|x86.Build.0 = Debug|x86
		{9720F24C-274A-447D-9CE6-EBFA33EC16EA}.Debug|x86.Deploy.0 = Debug|x86
		{9720F24C-274A-447D-9CE6-EBFA33EC16EA}.Release|Any CPU.ActiveCfg = Release|x86
		{9720F24C-274A-447D-9CE6-EBFA33EC16EA}.Release|ARM.ActiveCfg = Release|ARM
		{9720F24C-274A-447D-9CE6-EBFA33EC16EA}.Release|ARM.Build.0 = Release|ARM
		{9720F24C-274A-447D-9CE6-EBFA33EC16EA}.Release|ARM.Deploy.0 = Release|ARM
		{9720F24C-274A-447D-9CE6-EBFA33EC16EA}.Release|iPhone.ActiveCfg = Release|x86
		{9720F24C-274A-447D-9CE6-EBFA33EC16EA}.Release|iPhoneSimulator.ActiveCfg = Release|x86
		{9720F24C-274A-447D-9CE6-EBFA33EC16EA}.Release|x64.ActiveCfg = Release|x64
		{9720F24C-274A-447D-9CE6-EBFA33EC16EA}.Release|x64.Build.0 = Release|x64
		{9720F24C-274A-447D-9CE6-EBFA33EC16EA}.Release|x64.Deploy.0 = Release|x64
		{9720F24C-274A-447D-9CE6-EBFA33EC16EA}.Release|x86.ActiveCfg = Release|x86
		{9720F24C-274A-447D-9CE6-EBFA33EC16EA}.Release|x86.Build.0 = Release|x86
		{9720F24C-274A-447D-9CE6-EBFA33EC16EA}.Release|x86.Deploy.0 = Release|x86
		{B02F2141-505A-4ABD-AF23-9476A9DE7C5E}.Ad-Hoc|Any CPU.ActiveCfg = Release|Any CPU
		{B02F2141-505A-4ABD-AF23-9476A9DE7C5E}.Ad-Hoc|Any CPU.Build.0 = Release|Any CPU
		{B02F2141-505A-4ABD-AF23-9476A9DE7C5E}.Ad-Hoc|ARM.ActiveCfg = Release|Any CPU
		{B02F2141-505A-4ABD-AF23-9476A9DE7C5E}.Ad-Hoc|ARM.Build.0 = Release|Any CPU
		{B02F2141-505A-4ABD-AF23-9476A9DE7C5E}.Ad-Hoc|iPhone.ActiveCfg = Release|Any CPU
		{B02F2141-505A-4ABD-AF23-9476A9DE7C5E}.Ad-Hoc|iPhone.Build.0 = Release|Any CPU
		{B02F2141-505A-4ABD-AF23-9476A9DE7C5E}.Ad-Hoc|iPhoneSimulator.ActiveCfg = Release|Any CPU
		{B02F2141-505A-4ABD-AF23-9476A9DE7C5E}.Ad-Hoc|iPhoneSimulator.Build.0 = Release|Any CPU
		{B02F2141-505A-4ABD-AF23-9476A9DE7C5E}.Ad-Hoc|x64.ActiveCfg = Release|Any CPU
		{B02F2141-505A-4ABD-AF23-9476A9DE7C5E}.Ad-Hoc|x64.Build.0 = Release|Any CPU
		{B02F2141-505A-4ABD-AF23-9476A9DE7C5E}.Ad-Hoc|x86.ActiveCfg = Release|Any CPU
		{B02F2141-505A-4ABD-AF23-9476A9DE7C5E}.Ad-Hoc|x86.Build.0 = Release|Any CPU
		{B02F2141-505A-4ABD-AF23-9476A9DE7C5E}.AppStore|Any CPU.ActiveCfg = Release|Any CPU
		{B02F2141-505A-4ABD-AF23-9476A9DE7C5E}.AppStore|Any CPU.Build.0 = Release|Any CPU
		{B02F2141-505A-4ABD-AF23-9476A9DE7C5E}.AppStore|ARM.ActiveCfg = Release|Any CPU
		{B02F2141-505A-4ABD-AF23-9476A9DE7C5E}.AppStore|ARM.Build.0 = Release|Any CPU
		{B02F2141-505A-4ABD-AF23-9476A9DE7C5E}.AppStore|iPhone.ActiveCfg = Release|Any CPU
		{B02F2141-505A-4ABD-AF23-9476A9DE7C5E}.AppStore|iPhone.Build.0 = Release|Any CPU
		{B02F2141-505A-4ABD-AF23-9476A9DE7C5E}.AppStore|iPhoneSimulator.ActiveCfg = Release|Any CPU
		{B02F2141-505A-4ABD-AF23-9476A9DE7C5E}.AppStore|iPhoneSimulator.Build.0 = Release|Any CPU
		{B02F2141-505A-4ABD-AF23-9476A9DE7C5E}.AppStore|x64.ActiveCfg = Release|Any CPU
		{B02F2141-505A-4ABD-AF23-9476A9DE7C5E}.AppStore|x64.Build.0 = Release|Any CPU
		{B02F2141-505A-4ABD-AF23-9476A9DE7C5E}.AppStore|x86.ActiveCfg = Release|Any CPU
		{B02F2141-505A-4ABD-AF23-9476A9DE7C5E}.AppStore|x86.Build.0 = Release|Any CPU
		{B02F2141-505A-4ABD-AF23-9476A9DE7C5E}.Debug|Any CPU.ActiveCfg = Debug|Any CPU
		{B02F2141-505A-4ABD-AF23-9476A9DE7C5E}.Debug|Any CPU.Build.0 = Debug|Any CPU
		{B02F2141-505A-4ABD-AF23-9476A9DE7C5E}.Debug|ARM.ActiveCfg = Debug|Any CPU
		{B02F2141-505A-4ABD-AF23-9476A9DE7C5E}.Debug|ARM.Build.0 = Debug|Any CPU
		{B02F2141-505A-4ABD-AF23-9476A9DE7C5E}.Debug|iPhone.ActiveCfg = Debug|Any CPU
		{B02F2141-505A-4ABD-AF23-9476A9DE7C5E}.Debug|iPhone.Build.0 = Debug|Any CPU
		{B02F2141-505A-4ABD-AF23-9476A9DE7C5E}.Debug|iPhoneSimulator.ActiveCfg = Debug|Any CPU
		{B02F2141-505A-4ABD-AF23-9476A9DE7C5E}.Debug|iPhoneSimulator.Build.0 = Debug|Any CPU
		{B02F2141-505A-4ABD-AF23-9476A9DE7C5E}.Debug|x64.ActiveCfg = Debug|Any CPU
		{B02F2141-505A-4ABD-AF23-9476A9DE7C5E}.Debug|x64.Build.0 = Debug|Any CPU
		{B02F2141-505A-4ABD-AF23-9476A9DE7C5E}.Debug|x86.ActiveCfg = Debug|Any CPU
		{B02F2141-505A-4ABD-AF23-9476A9DE7C5E}.Debug|x86.Build.0 = Debug|Any CPU
		{B02F2141-505A-4ABD-AF23-9476A9DE7C5E}.Release|Any CPU.ActiveCfg = Release|Any CPU
		{B02F2141-505A-4ABD-AF23-9476A9DE7C5E}.Release|Any CPU.Build.0 = Release|Any CPU
		{B02F2141-505A-4ABD-AF23-9476A9DE7C5E}.Release|ARM.ActiveCfg = Release|Any CPU
		{B02F2141-505A-4ABD-AF23-9476A9DE7C5E}.Release|ARM.Build.0 = Release|Any CPU
		{B02F2141-505A-4ABD-AF23-9476A9DE7C5E}.Release|iPhone.ActiveCfg = Release|Any CPU
		{B02F2141-505A-4ABD-AF23-9476A9DE7C5E}.Release|iPhone.Build.0 = Release|Any CPU
		{B02F2141-505A-4ABD-AF23-9476A9DE7C5E}.Release|iPhoneSimulator.ActiveCfg = Release|Any CPU
		{B02F2141-505A-4ABD-AF23-9476A9DE7C5E}.Release|iPhoneSimulator.Build.0 = Release|Any CPU
		{B02F2141-505A-4ABD-AF23-9476A9DE7C5E}.Release|x64.ActiveCfg = Release|Any CPU
		{B02F2141-505A-4ABD-AF23-9476A9DE7C5E}.Release|x64.Build.0 = Release|Any CPU
		{B02F2141-505A-4ABD-AF23-9476A9DE7C5E}.Release|x86.ActiveCfg = Release|Any CPU
		{B02F2141-505A-4ABD-AF23-9476A9DE7C5E}.Release|x86.Build.0 = Release|Any CPU
	EndGlobalSection
	GlobalSection(SolutionProperties) = preSolution
		HideSolutionNode = FALSE
	EndGlobalSection
EndGlobal
